
Microsoft Visual Studio Solution File, Format Version 12.00
# Visual Studio Version 16
VisualStudioVersion = 16.0.32126.315
MinimumVisualStudioVersion = 10.0.40219.1
Project("{FAE04EC0-301F-11D3-BF4B-00C04F79EFBC}") = "Modul4", "Modul4\Modul4.csproj", "{B23D58F4-603A-44A3-8EB0-31795670EF36}"
EndProject
Global
	GlobalSection(SolutionConfigurationPlatforms) = preSolution
		Debug|Any CPU = Debug|Any CPU
		Release|Any CPU = Release|Any CPU
	EndGlobalSection
	GlobalSection(ProjectConfigurationPlatforms) = postSolution
		{B23D58F4-603A-44A3-8EB0-31795670EF36}.Debug|Any CPU.ActiveCfg = Debug|Any CPU
		{B23D58F4-603A-44A3-8EB0-31795670EF36}.Debug|Any CPU.Build.0 = Debug|Any CPU
		{B23D58F4-603A-44A3-8EB0-31795670EF36}.Release|Any CPU.ActiveCfg = Release|Any CPU
		{B23D58F4-603A-44A3-8EB0-31795670EF36}.Release|Any CPU.Build.0 = Release|Any CPU
	EndGlobalSection
	GlobalSection(SolutionProperties) = preSolution
		HideSolutionNode = FALSE
	EndGlobalSection
	GlobalSection(ExtensibilityGlobals) = postSolution
		SolutionGuid = {26A0E96C-3AE5-4B60-8A03-505D3A3FD8D0}
	EndGlobalSection
EndGlobal
